{
  "name": "deep-drive-101",
  "version": "1.0.0",
  "lockfileVersion": 3,
  "requires": true,
  "packages": {
    "": {
      "name": "deep-drive-101",
      "version": "1.0.0",
      "license": "ISC",
      "dependencies": {
        "random": "^5.4.1",
        "uuid": "^12.0.0"
      }
    },
    "node_modules/random": {
      "version": "5.4.1",
      "resolved": "https://registry.npmjs.org/random/-/random-5.4.1.tgz",
      "integrity": "sha512-HtccRkYkAXCbj9bqsyGKGlicyeZ5AsQgs49fEuUO/BvrJ7WOQqXPjdg1CZrFjBkoT75ozrWlQXJ7TcXXLv2ISQ==",
      "license": "MIT",
      "engines": {
        "node": ">=18"
      }
    },
    "node_modules/uuid": {
      "version": "12.0.0",
      "resolved": "https://registry.npmjs.org/uuid/-/uuid-12.0.0.tgz",
      "integrity": "sha512-USe1zesMYh4fjCA8ZH5+X5WIVD0J4V1Jksm1bFTVBX2F/cwSXt0RO5w/3UXbdLKmZX65MiWV+hwhSS8p6oBTGA==",
      "funding": [
        "https://github.com/sponsors/broofa",
        "https://github.com/sponsors/ctavan"
      ],
      "license": "MIT",
      "bin": {
        "uuid": "dist/bin/uuid"
      }
    }
  }
}
